# Generated by buf. DO NOT EDIT.
version: v2
deps:
  - name: buf.build/bufbuild/protovalidate
    commit: b983156c5e994cc9892e0ce3e64e17e0
    digest: b5:a02a4a5a0a9306cf1391d17e8811bbd6a0dbd0e0e29ddfc34b9d103311164974472d43627c3d63e6a8abaffd6c7a301c4f7965bbab2dc56f7f7812429a84b812
  - name: buf.build/bufbuild/registry
    commit: 660609bc46d34a5aa4d17d258a1dc3f4
    digest: b5:db96edcb44473e7e07fbe62b31eb3efca2e393e99520ddb274f8d47262b202c9c1a1db26c3dec735d1b5d3f2c5c5e4d83b25e55d807ae58d4d98b6f453549c71
